{
  "name": "phoenix",
  "version": "0.0.0",
  "lockfileVersion": 3,
  "requires": true,
  "packages": {
    "": {
      "name": "phoenix",
      "version": "0.0.0",
      "license": "UNLICENSED",
      "workspaces": [
        "packages/*"
      ],
      "dependencies": {
        "ws": "^8.21.0"
      },
      "engines": {
        "node": ">=20"
      }
    },
    "node_modules/@phoenix/common": {
      "resolved": "packages/common",
      "link": true
    },
    "node_modules/@phoenix/contracts": {
      "resolved": "packages/contracts",
      "link": true
    },
    "node_modules/@phoenix/data": {
      "resolved": "packages/data",
      "link": true
    },
    "node_modules/@phoenix/gateway": {
      "resolved": "packages/gateway",
      "link": true
    },
    "node_modules/@phoenix/harness": {
      "resolved": "packages/harness",
      "link": true
    },
    "node_modules/@phoenix/history": {
      "resolved": "packages/history",
      "link": true
    },
    "node_modules/@phoenix/nlu": {
      "resolved": "packages/nlu",
      "link": true
    },
    "node_modules/@phoenix/skills": {
      "resolved": "packages/skills",
      "link": true
    },
    "node_modules/ws": {
      "version": "8.21.0",
      "resolved": "https://registry.npmjs.org/ws/-/ws-8.21.0.tgz",
      "integrity": "sha512-Vsp28b7DRcimFQvrqu2Wek3z1iYxDCWqHYB8Qsnk/S4RfaCQzPGPyBNuVjJV3cd6UiKtUtp6sNM77gWvzcCH+g==",
      "license": "MIT",
      "engines": {
        "node": ">=10.0.0"
      },
      "peerDependencies": {
        "bufferutil": "^4.0.1",
        "utf-8-validate": ">=5.0.2"
      },
      "peerDependenciesMeta": {
        "bufferutil": {
          "optional": true
        },
        "utf-8-validate": {
          "optional": true
        }
      }
    },
    "packages/common": {
      "name": "@phoenix/common",
      "version": "0.0.0",
      "license": "UNLICENSED",
      "dependencies": {
        "@phoenix/contracts": "*"
      }
    },
    "packages/contracts": {
      "name": "@phoenix/contracts",
      "version": "0.0.0",
      "license": "UNLICENSED"
    },
    "packages/data": {
      "name": "@phoenix/data",
      "version": "0.0.0",
      "license": "UNLICENSED",
      "dependencies": {
        "@phoenix/common": "*",
        "@phoenix/contracts": "*"
      }
    },
    "packages/gateway": {
      "name": "@phoenix/gateway",
      "version": "0.0.0",
      "license": "UNLICENSED",
      "dependencies": {
        "@phoenix/common": "*",
        "@phoenix/contracts": "*",
        "ws": "^8.21.0"
      }
    },
    "packages/harness": {
      "name": "@phoenix/harness",
      "version": "0.0.0",
      "license": "UNLICENSED",
      "dependencies": {
        "@phoenix/contracts": "*"
      }
    },
    "packages/history": {
      "name": "@phoenix/history",
      "version": "0.0.0",
      "license": "UNLICENSED",
      "dependencies": {
        "@phoenix/common": "*",
        "@phoenix/contracts": "*"
      }
    },
    "packages/nlu": {
      "name": "@phoenix/nlu",
      "version": "0.0.0",
      "license": "UNLICENSED",
      "dependencies": {
        "@phoenix/common": "*",
        "@phoenix/contracts": "*"
      }
    },
    "packages/skills": {
      "name": "@phoenix/skills",
      "version": "0.0.0",
      "license": "UNLICENSED",
      "dependencies": {
        "@phoenix/common": "*",
        "@phoenix/contracts": "*"
      }
    }
  }
}
