{
  "name": "phoenix",
  "version": "0.0.0",
  "lockfileVersion": 3,
  "requires": true,
  "packages": {
    "": {
      "name": "phoenix",
      "version": "0.0.0",
      "license": "UNLICENSED",
      "workspaces": [
        "packages/*"
      ],
      "engines": {
        "node": ">=20"
      }
    },
    "node_modules/@phoenix/common": {
      "resolved": "packages/common",
      "link": true
    },
    "node_modules/@phoenix/contracts": {
      "resolved": "packages/contracts",
      "link": true
    },
    "node_modules/@phoenix/data": {
      "resolved": "packages/data",
      "link": true
    },
    "node_modules/@phoenix/gateway": {
      "resolved": "packages/gateway",
      "link": true
    },
    "node_modules/@phoenix/harness": {
      "resolved": "packages/harness",
      "link": true
    },
    "node_modules/@phoenix/history": {
      "resolved": "packages/history",
      "link": true
    },
    "node_modules/@phoenix/nlu": {
      "resolved": "packages/nlu",
      "link": true
    },
    "node_modules/@phoenix/skills": {
      "resolved": "packages/skills",
      "link": true
    },
    "packages/common": {
      "name": "@phoenix/common",
      "version": "0.0.0",
      "license": "UNLICENSED",
      "dependencies": {
        "@phoenix/contracts": "*"
      }
    },
    "packages/contracts": {
      "name": "@phoenix/contracts",
      "version": "0.0.0",
      "license": "UNLICENSED"
    },
    "packages/data": {
      "name": "@phoenix/data",
      "version": "0.0.0",
      "license": "UNLICENSED",
      "dependencies": {
        "@phoenix/common": "*",
        "@phoenix/contracts": "*"
      }
    },
    "packages/gateway": {
      "name": "@phoenix/gateway",
      "version": "0.0.0",
      "license": "UNLICENSED",
      "dependencies": {
        "@phoenix/common": "*",
        "@phoenix/contracts": "*"
      }
    },
    "packages/harness": {
      "name": "@phoenix/harness",
      "version": "0.0.0",
      "license": "UNLICENSED",
      "dependencies": {
        "@phoenix/contracts": "*"
      }
    },
    "packages/history": {
      "name": "@phoenix/history",
      "version": "0.0.0",
      "license": "UNLICENSED",
      "dependencies": {
        "@phoenix/common": "*",
        "@phoenix/contracts": "*"
      }
    },
    "packages/nlu": {
      "name": "@phoenix/nlu",
      "version": "0.0.0",
      "license": "UNLICENSED",
      "dependencies": {
        "@phoenix/common": "*",
        "@phoenix/contracts": "*"
      }
    },
    "packages/skills": {
      "name": "@phoenix/skills",
      "version": "0.0.0",
      "license": "UNLICENSED",
      "dependencies": {
        "@phoenix/common": "*",
        "@phoenix/contracts": "*"
      }
    }
  }
}
